
Microsoft Visual Studio Solution File, Format Version 12.00
# Visual Studio 15
VisualStudioVersion = 15.0.26430.16
MinimumVisualStudioVersion = 10.0.40219.1
Project("{FAE04EC0-301F-11D3-BF4B-00C04F79EFBC}") = "Finger.Verification", "Finger.Verification.csproj", "{D0962E59-0C6F-49E1-902C-67C04EF7835D}"
EndProject
Project("{FAE04EC0-301F-11D3-BF4B-00C04F79EFBC}") = "Finger.Web", "..\Finger.Web\Finger.Web.csproj", "{8497F628-37BB-4F7E-B402-218C8209707A}"
EndProject
Global
	GlobalSection(SolutionConfigurationPlatforms) = preSolution
		Debug|Any CPU = Debug|Any CPU
		Release|Any CPU = Release|Any CPU
	EndGlobalSection
	GlobalSection(ProjectConfigurationPlatforms) = postSolution
		{D0962E59-0C6F-49E1-902C-67C04EF7835D}.Debug|Any CPU.ActiveCfg = Debug|Any CPU
		{D0962E59-0C6F-49E1-902C-67C04EF7835D}.Debug|Any CPU.Build.0 = Debug|Any CPU
		{D0962E59-0C6F-49E1-902C-67C04EF7835D}.Release|Any CPU.ActiveCfg = Release|Any CPU
		{D0962E59-0C6F-49E1-902C-67C04EF7835D}.Release|Any CPU.Build.0 = Release|Any CPU
		{8497F628-37BB-4F7E-B402-218C8209707A}.Debug|Any CPU.ActiveCfg = Debug|Any CPU
		{8497F628-37BB-4F7E-B402-218C8209707A}.Debug|Any CPU.Build.0 = Debug|Any CPU
		{8497F628-37BB-4F7E-B402-218C8209707A}.Release|Any CPU.ActiveCfg = Release|Any CPU
		{8497F628-37BB-4F7E-B402-218C8209707A}.Release|Any CPU.Build.0 = Release|Any CPU
	EndGlobalSection
	GlobalSection(SolutionProperties) = preSolution
		HideSolutionNode = FALSE
	EndGlobalSection
EndGlobal
